
Microsoft Visual Studio Solution File, Format Version 12.00
# Visual Studio Version 16
VisualStudioVersion = 16.0.31129.286
MinimumVisualStudioVersion = 10.0.40219.1
Project("{FAE04EC0-301F-11D3-BF4B-00C04F79EFBC}") = "WpfApp1", "WpfApp1\WpfApp1.csproj", "{F9769214-265C-4E6A-8E31-D0A85BBE4F85}"
EndProject
Project("{9A19103F-16F7-4668-BE54-9A1E7A4F7556}") = "Laba1", "..\Laba1\Laba1\Laba1.csproj", "{1E3EEA04-FB40-40A4-A304-2601A392040F}"
EndProject
Global
	GlobalSection(SolutionConfigurationPlatforms) = preSolution
		Debug|Any CPU = Debug|Any CPU
		Release|Any CPU = Release|Any CPU
	EndGlobalSection
	GlobalSection(ProjectConfigurationPlatforms) = postSolution
		{F9769214-265C-4E6A-8E31-D0A85BBE4F85}.Debug|Any CPU.ActiveCfg = Debug|Any CPU
		{F9769214-265C-4E6A-8E31-D0A85BBE4F85}.Debug|Any CPU.Build.0 = Debug|Any CPU
		{F9769214-265C-4E6A-8E31-D0A85BBE4F85}.Release|Any CPU.ActiveCfg = Release|Any CPU
		{F9769214-265C-4E6A-8E31-D0A85BBE4F85}.Release|Any CPU.Build.0 = Release|Any CPU
		{1E3EEA04-FB40-40A4-A304-2601A392040F}.Debug|Any CPU.ActiveCfg = Debug|Any CPU
		{1E3EEA04-FB40-40A4-A304-2601A392040F}.Debug|Any CPU.Build.0 = Debug|Any CPU
		{1E3EEA04-FB40-40A4-A304-2601A392040F}.Release|Any CPU.ActiveCfg = Release|Any CPU
		{1E3EEA04-FB40-40A4-A304-2601A392040F}.Release|Any CPU.Build.0 = Release|Any CPU
	EndGlobalSection
	GlobalSection(SolutionProperties) = preSolution
		HideSolutionNode = FALSE
	EndGlobalSection
	GlobalSection(ExtensibilityGlobals) = postSolution
		SolutionGuid = {3AC5B807-A65E-4B13-81AA-5785A7CD1FA7}
	EndGlobalSection
EndGlobal
